// !$*UTF8*$!
{
	archiveVersion = 1;
	classes = {
	};
	objectVersion = 46;
	objects = {

/* Begin PBXBuildFile section */
		2FA28193DD180EBFCD314E37 /* Main.storyboard in Resources */ = {isa = PBXBuildFile; fileRef = 2FA2882C7231C0468520D248 /* Main.storyboard */; };
		2FA281C49CF6E6EF89D26FB8 /* LaunchScreen.xib in Resources */ = {isa = PBXBuildFile; fileRef = 2FA283E3CDDF087328B8E952 /* LaunchScreen.xib */; };
		2FA28331D8F127F312D44A48 /* Alert_and_Slider_DemoTests.m in Sources */ = {isa = PBXBuildFile; fileRef = 2FA28C632900ECB4E3065E49 /* Alert_and_Slider_DemoTests.m */; };
		2FA285DC8EA5A6855EC87EA9 /* AlertViewController.m in Sources */ = {isa = PBXBuildFile; fileRef = 2FA28BA8A4FB92E639C59A2D /* AlertViewController.m */; };
		2FA287644185FE69C6C15525 /* ViewController.m in Sources */ = {isa = PBXBuildFile; fileRef = 2FA282199CDBF8E36A81C4FC /* ViewController.m */; };
		2FA287B83F18B30B344ED8A4 /* Images.xcassets in Resources */ = {isa = PBXBuildFile; fileRef = 2FA28EE4BCE927831684B132 /* Images.xcassets */; };
		2FA28808F667172429CF35C9 /* UIView+ECAutoLayout.m in Sources */ = {isa = PBXBuildFile; fileRef = 2FA28509C6EDFDA40EB21F14 /* UIView+ECAutoLayout.m */; };
		2FA288C131CFACC4B8D01B24 /* main.m in Sources */ = {isa = PBXBuildFile; fileRef = 2FA283FF1D8066C0E5DE6C71 /* main.m */; };
		2FA28AD856D1771A43B2C3FE /* AppDelegate.m in Sources */ = {isa = PBXBuildFile; fileRef = 2FA282E0CB5CF22385DF66DC /* AppDelegate.m */; };
/* End PBXBuildFile section */

/* Begin PBXContainerItemProxy section */
		2FA2853D9A230EEA8CB895A5 /* PBXContainerItemProxy */ = {
			isa = PBXContainerItemProxy;
			containerPortal = 2FA2880FE6F51F67BCB641A7 /* Project object */;
			proxyType = 1;
			remoteGlobalIDString = 2FA2863624214E0B2BC6FA33;
			remoteInfo = "Alert and Slider Demo";
		};
/* End PBXContainerItemProxy section */

/* Begin PBXFileReference section */
		2FA282199CDBF8E36A81C4FC /* ViewController.m */ = {isa = PBXFileReference; lastKnownFileType = sourcecode.c.objc; path = ViewController.m; sourceTree = "<group>"; };
		2FA282E0CB5CF22385DF66DC /* AppDelegate.m */ = {isa = PBXFileReference; lastKnownFileType = sourcecode.c.objc; path = AppDelegate.m; sourceTree = "<group>"; };
		2FA283C958C6B2DCD2EA942F /* Info.plist */ = {isa = PBXFileReference; lastKnownFileType = text.plist.info; path = Info.plist; sourceTree = "<group>"; };
		2FA283FF1D8066C0E5DE6C71 /* main.m */ = {isa = PBXFileReference; lastKnownFileType = sourcecode.c.objc; path = main.m; sourceTree = "<group>"; };
		2FA28509C6EDFDA40EB21F14 /* UIView+ECAutoLayout.m */ = {isa = PBXFileReference; fileEncoding = 4; lastKnownFileType = sourcecode.c.objc; path = "UIView+ECAutoLayout.m"; sourceTree = "<group>"; };
		2FA2862B52832DF1E9E3C5F2 /* UIView+ECAutoLayout.h */ = {isa = PBXFileReference; fileEncoding = 4; lastKnownFileType = sourcecode.c.h; path = "UIView+ECAutoLayout.h"; sourceTree = "<group>"; };
		2FA2890B69F9A0EB72948C45 /* AppDelegate.h */ = {isa = PBXFileReference; lastKnownFileType = sourcecode.c.h; path = AppDelegate.h; sourceTree = "<group>"; };
		2FA28B25518DD30AECBDD5D4 /* Base */ = {isa = PBXFileReference; lastKnownFileType = file.storyboard; name = Base; path = Base.lproj/Main.storyboard; sourceTree = "<group>"; };
		2FA28B2A2CF01E4048A6B291 /* Alert and Slider DemoTests.xctest */ = {isa = PBXFileReference; explicitFileType = wrapper.cfbundle; includeInIndex = 0; path = "Alert and Slider DemoTests.xctest"; sourceTree = BUILT_PRODUCTS_DIR; };
		2FA28B3879CDB686396494BD /* AlertViewController.h */ = {isa = PBXFileReference; fileEncoding = 4; lastKnownFileType = sourcecode.c.h; path = AlertViewController.h; sourceTree = "<group>"; };
		2FA28B74AE7C00297113CF2F /* Base */ = {isa = PBXFileReference; lastKnownFileType = file.xib; name = Base; path = Base.lproj/LaunchScreen.xib; sourceTree = "<group>"; };
		2FA28BA8A4FB92E639C59A2D /* AlertViewController.m */ = {isa = PBXFileReference; fileEncoding = 4; lastKnownFileType = sourcecode.c.objc; path = AlertViewController.m; sourceTree = "<group>"; };
		2FA28BC348863EC74D62EA4D /* Alert and Slider Demo.app */ = {isa = PBXFileReference; explicitFileType = wrapper.application; includeInIndex = 0; path = "Alert and Slider Demo.app"; sourceTree = BUILT_PRODUCTS_DIR; };
		2FA28BDF1A66D92681D56624 /* Info.plist */ = {isa = PBXFileReference; lastKnownFileType = text.plist.info; path = Info.plist; sourceTree = "<group>"; };
		2FA28C632900ECB4E3065E49 /* Alert_and_Slider_DemoTests.m */ = {isa = PBXFileReference; lastKnownFileType = sourcecode.c.objc; path = Alert_and_Slider_DemoTests.m; sourceTree = "<group>"; };
		2FA28EE4BCE927831684B132 /* Images.xcassets */ = {isa = PBXFileReference; lastKnownFileType = folder.assetcatalog; path = Images.xcassets; sourceTree = "<group>"; };
		2FA28FB03FC384856794D14C /* ViewController.h */ = {isa = PBXFileReference; lastKnownFileType = sourcecode.c.h; path = ViewController.h; sourceTree = "<group>"; };
/* End PBXFileReference section */

/* Begin PBXFrameworksBuildPhase section */
		2FA28371D78F3E790EACDB86 /* Frameworks */ = {
			isa = PBXFrameworksBuildPhase;
			buildActionMask = 2147483647;
			files = (
			);
			runOnlyForDeploymentPostprocessing = 0;
		};
		2FA28F6B229E2646B3584E13 /* Frameworks */ = {
			isa = PBXFrameworksBuildPhase;
			buildActionMask = 2147483647;
			files = (
			);
			runOnlyForDeploymentPostprocessing = 0;
		};
/* End PBXFrameworksBuildPhase section */

/* Begin PBXGroup section */
		2FA280458410377747C9986F /* Alert and Slider DemoTests */ = {
			isa = PBXGroup;
			children = (
				2FA2853435C3C9EB011BA444 /* Supporting Files */,
				2FA28C632900ECB4E3065E49 /* Alert_and_Slider_DemoTests.m */,
			);
			path = "Alert and Slider DemoTests";
			sourceTree = "<group>";
		};
		2FA282E9135225D577BBA345 /* Supporting Files */ = {
			isa = PBXGroup;
			children = (
				2FA28BDF1A66D92681D56624 /* Info.plist */,
				2FA283FF1D8066C0E5DE6C71 /* main.m */,
			);
			name = "Supporting Files";
			sourceTree = "<group>";
		};
		2FA2853435C3C9EB011BA444 /* Supporting Files */ = {
			isa = PBXGroup;
			children = (
				2FA283C958C6B2DCD2EA942F /* Info.plist */,
			);
			name = "Supporting Files";
			sourceTree = "<group>";
		};
		2FA28BC23234BB2B6A87EB56 /* Alert and Slider Demo */ = {
			isa = PBXGroup;
			children = (
				2FA282E9135225D577BBA345 /* Supporting Files */,
				2FA28EE4BCE927831684B132 /* Images.xcassets */,
				2FA283E3CDDF087328B8E952 /* LaunchScreen.xib */,
				2FA2890B69F9A0EB72948C45 /* AppDelegate.h */,
				2FA282E0CB5CF22385DF66DC /* AppDelegate.m */,
				2FA2882C7231C0468520D248 /* Main.storyboard */,
				2FA28FB03FC384856794D14C /* ViewController.h */,
				2FA282199CDBF8E36A81C4FC /* ViewController.m */,
				2FA28BA8A4FB92E639C59A2D /* AlertViewController.m */,
				2FA28B3879CDB686396494BD /* AlertViewController.h */,
				2FA28509C6EDFDA40EB21F14 /* UIView+ECAutoLayout.m */,
				2FA2862B52832DF1E9E3C5F2 /* UIView+ECAutoLayout.h */,
			);
			path = "Alert and Slider Demo";
			sourceTree = "<group>";
		};
		2FA28C5313010160697047F6 /* Products */ = {
			isa = PBXGroup;
			children = (
				2FA28BC348863EC74D62EA4D /* Alert and Slider Demo.app */,
				2FA28B2A2CF01E4048A6B291 /* Alert and Slider DemoTests.xctest */,
			);
			name = Products;
			sourceTree = "<group>";
		};
		2FA28E222B9F5C8C139B7E69 = {
			isa = PBXGroup;
			children = (
				2FA28C5313010160697047F6 /* Products */,
				2FA28BC23234BB2B6A87EB56 /* Alert and Slider Demo */,
				2FA280458410377747C9986F /* Alert and Slider DemoTests */,
			);
			sourceTree = "<group>";
		};
/* End PBXGroup section */

/* Begin PBXNativeTarget section */
		2FA2863624214E0B2BC6FA33 /* Alert and Slider Demo */ = {
			isa = PBXNativeTarget;
			buildConfigurationList = 2FA280FED7FE54F3C9FE6A38 /* Build configuration list for PBXNativeTarget "Alert and Slider Demo" */;
			buildPhases = (
				2FA2809687FBA862C85165B9 /* Sources */,
				2FA28F6B229E2646B3584E13 /* Frameworks */,
				2FA28C22793AEB4448435770 /* Resources */,
			);
			buildRules = (
			);
			dependencies = (
			);
			name = "Alert and Slider Demo";
			productName = "Alert and Slider Demo";
			productReference = 2FA28BC348863EC74D62EA4D /* Alert and Slider Demo.app */;
			productType = "com.apple.product-type.application";
		};
		2FA2877E827202DCBD92547E /* Alert and Slider DemoTests */ = {
			isa = PBXNativeTarget;
			buildConfigurationList = 2FA288B54F0D0345E5BE0BB1 /* Build configuration list for PBXNativeTarget "Alert and Slider DemoTests" */;
			buildPhases = (
				2FA28D85820F22038404A1CF /* Sources */,
				2FA28371D78F3E790EACDB86 /* Frameworks */,
				2FA281FE401255EF0B09112A /* Resources */,
			);
			buildRules = (
			);
			dependencies = (
				2FA28A95F0C37C1D5415FE4A /* PBXTargetDependency */,
			);
			name = "Alert and Slider DemoTests";
			productName = "Alert and Slider DemoTests";
			productReference = 2FA28B2A2CF01E4048A6B291 /* Alert and Slider DemoTests.xctest */;
			productType = "com.apple.product-type.bundle.unit-test";
		};
/* End PBXNativeTarget section */

/* Begin PBXProject section */
		2FA2880FE6F51F67BCB641A7 /* Project object */ = {
			isa = PBXProject;
			attributes = {
				ORGANIZATIONNAME = Cheebros;
			};
			buildConfigurationList = 2FA285B79178E2FE648150A6 /* Build configuration list for PBXProject "Alert and Slider Demo" */;
			compatibilityVersion = "Xcode 3.2";
			developmentRegion = English;
			hasScannedForEncodings = 0;
			knownRegions = (
				en,
			);
			mainGroup = 2FA28E222B9F5C8C139B7E69;
			productRefGroup = 2FA28C5313010160697047F6 /* Products */;
			projectDirPath = "";
			projectRoot = "";
			targets = (
				2FA2863624214E0B2BC6FA33 /* Alert and Slider Demo */,
				2FA2877E827202DCBD92547E /* Alert and Slider DemoTests */,
			);
		};
/* End PBXProject section */

/* Begin PBXResourcesBuildPhase section */
		2FA281FE401255EF0B09112A /* Resources */ = {
			isa = PBXResourcesBuildPhase;
			buildActionMask = 2147483647;
			files = (
			);
			runOnlyForDeploymentPostprocessing = 0;
		};
		2FA28C22793AEB4448435770 /* Resources */ = {
			isa = PBXResourcesBuildPhase;
			buildActionMask = 2147483647;
			files = (
				2FA287B83F18B30B344ED8A4 /* Images.xcassets in Resources */,
				2FA281C49CF6E6EF89D26FB8 /* LaunchScreen.xib in Resources */,
				2FA28193DD180EBFCD314E37 /* Main.storyboard in Resources */,
			);
			runOnlyForDeploymentPostprocessing = 0;
		};
/* End PBXResourcesBuildPhase section */

/* Begin PBXSourcesBuildPhase section */
		2FA2809687FBA862C85165B9 /* Sources */ = {
			isa = PBXSourcesBuildPhase;
			buildActionMask = 2147483647;
			files = (
				2FA288C131CFACC4B8D01B24 /* main.m in Sources */,
				2FA28AD856D1771A43B2C3FE /* AppDelegate.m in Sources */,
				2FA287644185FE69C6C15525 /* ViewController.m in Sources */,
				2FA285DC8EA5A6855EC87EA9 /* AlertViewController.m in Sources */,
				2FA28808F667172429CF35C9 /* UIView+ECAutoLayout.m in Sources */,
			);
			runOnlyForDeploymentPostprocessing = 0;
		};
		2FA28D85820F22038404A1CF /* Sources */ = {
			isa = PBXSourcesBuildPhase;
			buildActionMask = 2147483647;
			files = (
				2FA28331D8F127F312D44A48 /* Alert_and_Slider_DemoTests.m in Sources */,
			);
			runOnlyForDeploymentPostprocessing = 0;
		};
/* End PBXSourcesBuildPhase section */

/* Begin PBXTargetDependency section */
		2FA28A95F0C37C1D5415FE4A /* PBXTargetDependency */ = {
			isa = PBXTargetDependency;
			target = 2FA2863624214E0B2BC6FA33 /* Alert and Slider Demo */;
			targetProxy = 2FA2853D9A230EEA8CB895A5 /* PBXContainerItemProxy */;
		};
/* End PBXTargetDependency section */

/* Begin PBXVariantGroup section */
		2FA283E3CDDF087328B8E952 /* LaunchScreen.xib */ = {
			isa = PBXVariantGroup;
			children = (
				2FA28B74AE7C00297113CF2F /* Base */,
			);
			name = LaunchScreen.xib;
			sourceTree = "<group>";
		};
		2FA2882C7231C0468520D248 /* Main.storyboard */ = {
			isa = PBXVariantGroup;
			children = (
				2FA28B25518DD30AECBDD5D4 /* Base */,
			);
			name = Main.storyboard;
			sourceTree = "<group>";
		};
/* End PBXVariantGroup section */

/* Begin XCBuildConfiguration section */
		2FA283EF591D4EBF9A9EFFCB /* Debug */ = {
			isa = XCBuildConfiguration;
			buildSettings = {
				ALWAYS_SEARCH_USER_PATHS = NO;
				CLANG_CXX_LANGUAGE_STANDARD = "gnu++0x";
				CLANG_CXX_LIBRARY = "libc++";
				CLANG_ENABLE_MODULES = YES;
				CLANG_ENABLE_OBJC_ARC = YES;
				CLANG_WARN_BOOL_CONVERSION = YES;
				CLANG_WARN_CONSTANT_CONVERSION = YES;
				CLANG_WARN_DIRECT_OBJC_ISA_USAGE = YES_ERROR;
				CLANG_WARN_EMPTY_BODY = YES;
				CLANG_WARN_ENUM_CONVERSION = YES;
				CLANG_WARN_INT_CONVERSION = YES;
				CLANG_WARN_OBJC_ROOT_CLASS = YES_ERROR;
				CLANG_WARN_UNREACHABLE_CODE = YES;
				CLANG_WARN__DUPLICATE_METHOD_MATCH = YES;
				"CODE_SIGN_IDENTITY[sdk=iphoneos*]" = "iPhone Developer";
				COPY_PHASE_STRIP = NO;
				ENABLE_STRICT_OBJC_MSGSEND = YES;
				GCC_C_LANGUAGE_STANDARD = gnu99;
				GCC_DYNAMIC_NO_PIC = NO;
				GCC_OPTIMIZATION_LEVEL = 0;
				GCC_PREPROCESSOR_DEFINITIONS = (
					"DEBUG=1",
					"$(inherited)",
				);
				GCC_SYMBOLS_PRIVATE_EXTERN = NO;
				GCC_WARN_64_TO_32_BIT_CONVERSION = YES;
				GCC_WARN_ABOUT_RETURN_TYPE = YES_ERROR;
				GCC_WARN_UNDECLARED_SELECTOR = YES;
				GCC_WARN_UNINITIALIZED_AUTOS = YES_AGGRESSIVE;
				GCC_WARN_UNUSED_FUNCTION = YES;
				GCC_WARN_UNUSED_VARIABLE = YES;
				IPHONEOS_DEPLOYMENT_TARGET = 8.2;
				MTL_ENABLE_DEBUG_INFO = YES;
				ONLY_ACTIVE_ARCH = YES;
				SDKROOT = iphoneos;
				TARGETED_DEVICE_FAMILY = "1,2";
			};
			name = Debug;
		};
		2FA28AFE07AEF314B3C8CC9E /* Debug */ = {
			isa = XCBuildConfiguration;
			buildSettings = {
				BUNDLE_LOADER = "$(BUILT_PRODUCTS_DIR)/Alert and Slider Demo.app/Alert and Slider Demo";
				FRAMEWORK_SEARCH_PATHS = (
					"$(SDKROOT)/Developer/Library/Frameworks",
					"$(inherited)",
				);
				INFOPLIST_FILE = "Alert and Slider DemoTests/Info.plist";
				LD_RUNPATH_SEARCH_PATHS = "$(inherited) @executable_path/Frameworks @loader_path/Frameworks";
				PRODUCT_NAME = "$(TARGET_NAME)";
				TEST_HOST = "$(BUNDLE_LOADER)";
			};
			name = Debug;
		};
		2FA28BB0AE0616DD84D4C8B2 /* Release */ = {
			isa = XCBuildConfiguration;
			buildSettings = {
				ASSETCATALOG_COMPILER_APPICON_NAME = AppIcon;
				INFOPLIST_FILE = "Alert and Slider Demo/Info.plist";
				LD_RUNPATH_SEARCH_PATHS = "$(inherited) @executable_path/Frameworks";
				PRODUCT_NAME = "$(TARGET_NAME)";
			};
			name = Release;
		};
		2FA28BB8AC40972A2F378936 /* Release */ = {
			isa = XCBuildConfiguration;
			buildSettings = {
				ALWAYS_SEARCH_USER_PATHS = NO;
				CLANG_CXX_LANGUAGE_STANDARD = "gnu++0x";
				CLANG_CXX_LIBRARY = "libc++";
				CLANG_ENABLE_MODULES = YES;
				CLANG_ENABLE_OBJC_ARC = YES;
				CLANG_WARN_BOOL_CONVERSION = YES;
				CLANG_WARN_CONSTANT_CONVERSION = YES;
				CLANG_WARN_DIRECT_OBJC_ISA_USAGE = YES_ERROR;
				CLANG_WARN_EMPTY_BODY = YES;
				CLANG_WARN_ENUM_CONVERSION = YES;
				CLANG_WARN_INT_CONVERSION = YES;
				CLANG_WARN_OBJC_ROOT_CLASS = YES_ERROR;
				CLANG_WARN_UNREACHABLE_CODE = YES;
				CLANG_WARN__DUPLICATE_METHOD_MATCH = YES;
				"CODE_SIGN_IDENTITY[sdk=iphoneos*]" = "iPhone Developer";
				COPY_PHASE_STRIP = NO;
				ENABLE_NS_ASSERTIONS = NO;
				ENABLE_STRICT_OBJC_MSGSEND = YES;
				GCC_C_LANGUAGE_STANDARD = gnu99;
				GCC_WARN_64_TO_32_BIT_CONVERSION = YES;
				GCC_WARN_ABOUT_RETURN_TYPE = YES_ERROR;
				GCC_WARN_UNDECLARED_SELECTOR = YES;
				GCC_WARN_UNINITIALIZED_AUTOS = YES_AGGRESSIVE;
				GCC_WARN_UNUSED_FUNCTION = YES;
				GCC_WARN_UNUSED_VARIABLE = YES;
				IPHONEOS_DEPLOYMENT_TARGET = 8.2;
				MTL_ENABLE_DEBUG_INFO = NO;
				SDKROOT = iphoneos;
				TARGETED_DEVICE_FAMILY = "1,2";
				VALIDATE_PRODUCT = YES;
			};
			name = Release;
		};
		2FA28D09140DB2BD753972C2 /* Debug */ = {
			isa = XCBuildConfiguration;
			buildSettings = {
				ASSETCATALOG_COMPILER_APPICON_NAME = AppIcon;
				INFOPLIST_FILE = "Alert and Slider Demo/Info.plist";
				LD_RUNPATH_SEARCH_PATHS = "$(inherited) @executable_path/Frameworks";
				PRODUCT_NAME = "$(TARGET_NAME)";
			};
			name = Debug;
		};
		2FA28E46D935C20A6F95268D /* Release */ = {
			isa = XCBuildConfiguration;
			buildSettings = {
				BUNDLE_LOADER = "$(BUILT_PRODUCTS_DIR)/Alert and Slider Demo.app/Alert and Slider Demo";
				FRAMEWORK_SEARCH_PATHS = (
					"$(SDKROOT)/Developer/Library/Frameworks",
					"$(inherited)",
				);
				INFOPLIST_FILE = "Alert and Slider DemoTests/Info.plist";
				LD_RUNPATH_SEARCH_PATHS = "$(inherited) @executable_path/Frameworks @loader_path/Frameworks";
				PRODUCT_NAME = "$(TARGET_NAME)";
				TEST_HOST = "$(BUNDLE_LOADER)";
			};
			name = Release;
		};
/* End XCBuildConfiguration section */

/* Begin XCConfigurationList section */
		2FA280FED7FE54F3C9FE6A38 /* Build configuration list for PBXNativeTarget "Alert and Slider Demo" */ = {
			isa = XCConfigurationList;
			buildConfigurations = (
				2FA28D09140DB2BD753972C2 /* Debug */,
				2FA28BB0AE0616DD84D4C8B2 /* Release */,
			);
			defaultConfigurationIsVisible = 0;
		};
		2FA285B79178E2FE648150A6 /* Build configuration list for PBXProject "Alert and Slider Demo" */ = {
			isa = XCConfigurationList;
			buildConfigurations = (
				2FA283EF591D4EBF9A9EFFCB /* Debug */,
				2FA28BB8AC40972A2F378936 /* Release */,
			);
			defaultConfigurationIsVisible = 0;
			defaultConfigurationName = Release;
		};
		2FA288B54F0D0345E5BE0BB1 /* Build configuration list for PBXNativeTarget "Alert and Slider DemoTests" */ = {
			isa = XCConfigurationList;
			buildConfigurations = (
				2FA28AFE07AEF314B3C8CC9E /* Debug */,
				2FA28E46D935C20A6F95268D /* Release */,
			);
			defaultConfigurationIsVisible = 0;
		};
/* End XCConfigurationList section */
	};
	rootObject = 2FA2880FE6F51F67BCB641A7 /* Project object */;
}
